
Microsoft Visual Studio Solution File, Format Version 12.00
# Visual Studio Version 17
VisualStudioVersion = 17.3.32811.315
MinimumVisualStudioVersion = 10.0.40219.1
Project("{9A19103F-16F7-4668-BE54-9A1E7A4F7556}") = "TS4Tools", "TS4Tools\TS4Tools.csproj", "{EBFA8512-1EA5-4D8C-B4AC-AB5B48A6D568}"
EndProject
Project("{9A19103F-16F7-4668-BE54-9A1E7A4F7556}") = "TS4Tools.Desktop", "TS4Tools.Desktop\TS4Tools.Desktop.csproj", "{ABC31E74-02FF-46EB-B3B2-4E6AE43B456C}"
EndProject
Project("{2150E333-8FDC-42A3-9474-1A3956D46DE8}") = "Solution Items", "Solution Items", "{3DA99C4E-89E3-4049-9C22-0A7EC60D83D8}"
	ProjectSection(SolutionItems) = preProject
		Directory.Packages.props = Directory.Packages.props
	EndProjectSection
EndProject
Project("{2150E333-8FDC-42A3-9474-1A3956D46DE8}") = "Core", "Core", "{4F9E4B5A-8C7D-4E2F-9A1B-3C5D6E7F8A9B}"
EndProject
Project("{9A19103F-16F7-4668-BE54-9A1E7A4F7556}") = "TS4Tools.Core.System", "src\TS4Tools.Core.System\TS4Tools.Core.System.csproj", "{5E6F7A8B-9C0D-4F3E-8A2B-1C4D5E6F7A8B}"
EndProject
Project("{2150E333-8FDC-42A3-9474-1A3956D46DE8}") = "Tests", "Tests", "{6F8A9B0C-1D2E-4F5A-8B9C-2D3E4F5A6B7C}"
EndProject
Project("{9A19103F-16F7-4668-BE54-9A1E7A4F7556}") = "TS4Tools.Core.System.Tests", "tests\TS4Tools.Core.System.Tests\TS4Tools.Core.System.Tests.csproj", "{7A8B9C0D-2E3F-4A5B-8C9D-3E4F5A6B7C8D}"
EndProject
Project("{2150E333-8FDC-42A3-9474-1A3956D46DE8}") = "src", "src", "{827E0CD3-B72D-47B6-A68D-7590B98EB39B}"
EndProject
Project("{FAE04EC0-301F-11D3-BF4B-00C04F79EFBC}") = "TS4Tools.Core.Interfaces", "src\TS4Tools.Core.Interfaces\TS4Tools.Core.Interfaces.csproj", "{F1473963-4443-41D3-A533-053553D02864}"
EndProject
Project("{FAE04EC0-301F-11D3-BF4B-00C04F79EFBC}") = "TS4Tools.Core.Interfaces.Tests", "tests\TS4Tools.Core.Interfaces.Tests\TS4Tools.Core.Interfaces.Tests.csproj", "{13830F04-6F04-472D-9A36-31C3B7E5FF82}"
EndProject
Project("{2150E333-8FDC-42A3-9474-1A3956D46DE8}") = "Benchmarks", "Benchmarks", "{B1C2D3E4-5F6A-7B8C-9D0E-1F2A3B4C5D6E}"
EndProject
Project("{FAE04EC0-301F-11D3-BF4B-00C04F79EFBC}") = "TS4Tools.Benchmarks", "benchmarks\TS4Tools.Benchmarks\TS4Tools.Benchmarks.csproj", "{C2D3E4F5-6A7B-8C9D-0E1F-2A3B4C5D6E7F}"
EndProject
Project("{FAE04EC0-301F-11D3-BF4B-00C04F79EFBC}") = "TS4Tools.Core.Settings", "src\TS4Tools.Core.Settings\TS4Tools.Core.Settings.csproj", "{90253A93-9FB9-4F1F-89F7-E4DADD7BA5BE}"
EndProject
Project("{FAE04EC0-301F-11D3-BF4B-00C04F79EFBC}") = "TS4Tools.Core.Settings.Tests", "tests\TS4Tools.Core.Settings.Tests\TS4Tools.Core.Settings.Tests.csproj", "{8CABD979-D4AD-4146-8368-6174230F0902}"
EndProject
Project("{FAE04EC0-301F-11D3-BF4B-00C04F79EFBC}") = "TS4Tools.Core.Package", "src\TS4Tools.Core.Package\TS4Tools.Core.Package.csproj", "{91DF0AC0-CDF2-41A6-A1A0-9887AB4071B4}"
EndProject
Project("{FAE04EC0-301F-11D3-BF4B-00C04F79EFBC}") = "TS4Tools.Core.Package.Tests", "tests\TS4Tools.Core.Package.Tests\TS4Tools.Core.Package.Tests.csproj", "{59084420-6583-4B61-8882-BFD1EB283821}"
EndProject
Project("{FAE04EC0-301F-11D3-BF4B-00C04F79EFBC}") = "TS4Tools.Core.Resources", "src\TS4Tools.Core.Resources\TS4Tools.Core.Resources.csproj", "{A8A58C2B-ACAE-4EFC-AF0E-815B43720924}"
EndProject
Project("{FAE04EC0-301F-11D3-BF4B-00C04F79EFBC}") = "TS4Tools.Core.Resources.Tests", "tests\TS4Tools.Core.Resources.Tests\TS4Tools.Core.Resources.Tests.csproj", "{C3B13025-EC2F-466B-8AB5-07F55A2A284C}"
EndProject
Project("{FAE04EC0-301F-11D3-BF4B-00C04F79EFBC}") = "TS4Tools.Extensions", "src\TS4Tools.Extensions\TS4Tools.Extensions.csproj", "{5C54656C-3F8D-4348-9318-47A512A1C75F}"
EndProject
Project("{FAE04EC0-301F-11D3-BF4B-00C04F79EFBC}") = "TS4Tools.Extensions.Tests", "tests\TS4Tools.Extensions.Tests\TS4Tools.Extensions.Tests.csproj", "{4FBF563E-3B76-4A7C-BEDD-113792F60B99}"
EndProject
Project("{FAE04EC0-301F-11D3-BF4B-00C04F79EFBC}") = "TS4Tools.Resources.Common", "src\TS4Tools.Resources.Common\TS4Tools.Resources.Common.csproj", "{2A3B4C5D-6E7F-8A9B-0C1D-2E3F4A5B6C7D}"
EndProject
Project("{FAE04EC0-301F-11D3-BF4B-00C04F79EFBC}") = "TS4Tools.Resources.Common.Tests", "tests\TS4Tools.Resources.Common.Tests\TS4Tools.Resources.Common.Tests.csproj", "{3B4C5D6E-7F8A-9B0C-1D2E-3F4A5B6C7D8E}"
EndProject
Project("{FAE04EC0-301F-11D3-BF4B-00C04F79EFBC}") = "TS4Tools.Core.DependencyInjection", "src\TS4Tools.Core.DependencyInjection\TS4Tools.Core.DependencyInjection.csproj", "{DDA6D2DB-6134-4AD9-8E87-80A18E43A451}"
EndProject
Project("{FAE04EC0-301F-11D3-BF4B-00C04F79EFBC}") = "TS4Tools.Core.DependencyInjection.Tests", "tests\TS4Tools.Core.DependencyInjection.Tests\TS4Tools.Core.DependencyInjection.Tests.csproj", "{2A994583-4F26-4FCB-AD38-6EB3105DD331}"
EndProject
Project("{2150E333-8FDC-42A3-9474-1A3956D46DE8}") = "examples", "examples", "{B36A84DF-456D-A817-6EDD-3EC3E7F6E11F}"
EndProject
Project("{FAE04EC0-301F-11D3-BF4B-00C04F79EFBC}") = "BasicPackageReader", "examples\BasicPackageReader\BasicPackageReader.csproj", "{7C42B6CE-50EF-4791-AC7A-1D75A3AFDDFF}"
EndProject
Project("{FAE04EC0-301F-11D3-BF4B-00C04F79EFBC}") = "PackageCreator", "examples\PackageCreator\PackageCreator.csproj", "{B8D70233-7D90-48AA-A9E6-D6A5806556D3}"
EndProject
Project("{FAE04EC0-301F-11D3-BF4B-00C04F79EFBC}") = "TS4Tools.Resources.Strings", "src\TS4Tools.Resources.Strings\TS4Tools.Resources.Strings.csproj", "{D3BA893E-79FF-4BFB-A560-6DC9FFAEBFCD}"
EndProject
Project("{FAE04EC0-301F-11D3-BF4B-00C04F79EFBC}") = "TS4Tools.Resources.Strings.Tests", "tests\TS4Tools.Resources.Strings.Tests\TS4Tools.Resources.Strings.Tests.csproj", "{49856F2C-9EBA-4ACA-AFFA-9FE65901D31C}"
EndProject
Project("{FAE04EC0-301F-11D3-BF4B-00C04F79EFBC}") = "TS4Tools.Resources.Images", "src\TS4Tools.Resources.Images\TS4Tools.Resources.Images.csproj", "{3E72A378-A5F7-4A0A-9885-E3A026485330}"
EndProject
Project("{FAE04EC0-301F-11D3-BF4B-00C04F79EFBC}") = "TS4Tools.Resources.Images.Tests", "tests\TS4Tools.Resources.Images.Tests\TS4Tools.Resources.Images.Tests.csproj", "{67340FAF-671E-4D07-8A36-E7E9AB8BB9A7}"
EndProject
Project("{FAE04EC0-301F-11D3-BF4B-00C04F79EFBC}") = "TS4Tools.Resources.Catalog", "src\TS4Tools.Resources.Catalog\TS4Tools.Resources.Catalog.csproj", "{039B4019-985F-4021-AF89-3CA8916123D6}"
EndProject
Project("{FAE04EC0-301F-11D3-BF4B-00C04F79EFBC}") = "TS4Tools.Resources.Catalog.Tests", "tests\TS4Tools.Resources.Catalog.Tests\TS4Tools.Resources.Catalog.Tests.csproj", "{629D8782-6A7B-4F60-BBCB-EBA7CA4CD1DD}"
EndProject
Project("{FAE04EC0-301F-11D3-BF4B-00C04F79EFBC}") = "TS4Tools.Resources.Text", "src\TS4Tools.Resources.Text\TS4Tools.Resources.Text.csproj", "{8337BCEA-9867-43DD-A86C-842B5125A4FC}"
EndProject
Project("{FAE04EC0-301F-11D3-BF4B-00C04F79EFBC}") = "TS4Tools.Resources.Text.Tests", "tests\TS4Tools.Resources.Text.Tests\TS4Tools.Resources.Text.Tests.csproj", "{1017A813-4CE0-49D4-B6A4-3740D925A111}"
EndProject
Project("{FAE04EC0-301F-11D3-BF4B-00C04F79EFBC}") = "TS4Tools.Resources.Geometry", "src\TS4Tools.Resources.Geometry\TS4Tools.Resources.Geometry.csproj", "{E1DA7807-2FD4-46EC-9C0C-301381B0D11C}"
EndProject
Project("{FAE04EC0-301F-11D3-BF4B-00C04F79EFBC}") = "TS4Tools.Resources.Geometry.Tests", "tests\TS4Tools.Resources.Geometry.Tests\TS4Tools.Resources.Geometry.Tests.csproj", "{B0F38D2C-C2B3-4139-940B-A2E9CE7BFB87}"
EndProject
Project("{FAE04EC0-301F-11D3-BF4B-00C04F79EFBC}") = "TS4Tools.Resources.Scripts", "src\TS4Tools.Resources.Scripts\TS4Tools.Resources.Scripts.csproj", "{DF5EB171-09AB-41CE-A4FA-8ABB38E859CD}"
EndProject
Project("{FAE04EC0-301F-11D3-BF4B-00C04F79EFBC}") = "TS4Tools.Resources.Scripts.Tests", "tests\TS4Tools.Resources.Scripts.Tests\TS4Tools.Resources.Scripts.Tests.csproj", "{EF1C3158-75AF-4173-96D1-234FE595831C}"
EndProject
Project("{FAE04EC0-301F-11D3-BF4B-00C04F79EFBC}") = "TS4Tools.Resources.Audio", "src\TS4Tools.Resources.Audio\TS4Tools.Resources.Audio.csproj", "{A7D81410-579A-43B1-934E-77BEE869CB26}"
EndProject
Project("{FAE04EC0-301F-11D3-BF4B-00C04F79EFBC}") = "TS4Tools.Resources.Audio.Tests", "tests\TS4Tools.Resources.Audio.Tests\TS4Tools.Resources.Audio.Tests.csproj", "{6C5DD2B3-BF5A-4595-B655-4E00B8675C3C}"
EndProject
Project("{FAE04EC0-301F-11D3-BF4B-00C04F79EFBC}") = "TS4Tools.Resources.Effects", "src\TS4Tools.Resources.Effects\TS4Tools.Resources.Effects.csproj", "{B9E8F123-4C56-7A89-0123-456789ABCDEF}"
EndProject
Project("{FAE04EC0-301F-11D3-BF4B-00C04F79EFBC}") = "TS4Tools.Resources.Effects.Tests", "tests\TS4Tools.Resources.Effects.Tests\TS4Tools.Resources.Effects.Tests.csproj", "{46AFEE71-2D11-B764-77CF-886A9E804E44}"
EndProject
Project("{FAE04EC0-301F-11D3-BF4B-00C04F79EFBC}") = "TS4Tools.Resources.Animation", "src\TS4Tools.Resources.Animation\TS4Tools.Resources.Animation.csproj", "{A25ADDA2-91AC-4A01-93EA-BCE68E60F111}"
EndProject
Project("{FAE04EC0-301F-11D3-BF4B-00C04F79EFBC}") = "TS4Tools.Resources.Animation.Tests", "tests\TS4Tools.Resources.Animation.Tests\TS4Tools.Resources.Animation.Tests.csproj", "{B89318C9-2952-42E7-9FF1-446BA3D9EFB2}"
EndProject
Project("{FAE04EC0-301F-11D3-BF4B-00C04F79EFBC}") = "TS4Tools.Resources.Visual", "src\TS4Tools.Resources.Visual\TS4Tools.Resources.Visual.csproj", "{C1D2E3F4-5A6B-7C8D-9E0F-1A2B3C4D5E6F}"
EndProject
Project("{FAE04EC0-301F-11D3-BF4B-00C04F79EFBC}") = "TS4Tools.Resources.Visual.Tests", "tests\TS4Tools.Resources.Visual.Tests\TS4Tools.Resources.Visual.Tests.csproj", "{2C50BA1C-D316-92CB-3636-C1BB88F469B5}"
EndProject
Project("{FAE04EC0-301F-11D3-BF4B-00C04F79EFBC}") = "TS4Tools.Resources.World", "src\TS4Tools.Resources.World\TS4Tools.Resources.World.csproj", "{22F50200-C213-407F-9B80-BD1BAC744EBC}"
EndProject
Project("{FAE04EC0-301F-11D3-BF4B-00C04F79EFBC}") = "TS4Tools.Resources.World.Tests", "tests\TS4Tools.Resources.World.Tests\TS4Tools.Resources.World.Tests.csproj", "{2ECA3FF7-7729-4E37-93B8-F4AF75F48651}"
EndProject
Global
	GlobalSection(SolutionConfigurationPlatforms) = preSolution
		Debug|Any CPU = Debug|Any CPU
		Debug|x64 = Debug|x64
		Debug|x86 = Debug|x86
		Release|Any CPU = Release|Any CPU
		Release|x64 = Release|x64
		Release|x86 = Release|x86
	EndGlobalSection
	GlobalSection(ProjectConfigurationPlatforms) = postSolution
		{EBFA8512-1EA5-4D8C-B4AC-AB5B48A6D568}.Debug|Any CPU.ActiveCfg = Debug|Any CPU
		{EBFA8512-1EA5-4D8C-B4AC-AB5B48A6D568}.Debug|Any CPU.Build.0 = Debug|Any CPU
		{EBFA8512-1EA5-4D8C-B4AC-AB5B48A6D568}.Debug|x64.ActiveCfg = Debug|Any CPU
		{EBFA8512-1EA5-4D8C-B4AC-AB5B48A6D568}.Debug|x64.Build.0 = Debug|Any CPU
		{EBFA8512-1EA5-4D8C-B4AC-AB5B48A6D568}.Debug|x86.ActiveCfg = Debug|Any CPU
		{EBFA8512-1EA5-4D8C-B4AC-AB5B48A6D568}.Debug|x86.Build.0 = Debug|Any CPU
		{EBFA8512-1EA5-4D8C-B4AC-AB5B48A6D568}.Release|Any CPU.ActiveCfg = Release|Any CPU
		{EBFA8512-1EA5-4D8C-B4AC-AB5B48A6D568}.Release|Any CPU.Build.0 = Release|Any CPU
		{EBFA8512-1EA5-4D8C-B4AC-AB5B48A6D568}.Release|x64.ActiveCfg = Release|Any CPU
		{EBFA8512-1EA5-4D8C-B4AC-AB5B48A6D568}.Release|x64.Build.0 = Release|Any CPU
		{EBFA8512-1EA5-4D8C-B4AC-AB5B48A6D568}.Release|x86.ActiveCfg = Release|Any CPU
		{EBFA8512-1EA5-4D8C-B4AC-AB5B48A6D568}.Release|x86.Build.0 = Release|Any CPU
		{ABC31E74-02FF-46EB-B3B2-4E6AE43B456C}.Debug|Any CPU.ActiveCfg = Debug|Any CPU
		{ABC31E74-02FF-46EB-B3B2-4E6AE43B456C}.Debug|Any CPU.Build.0 = Debug|Any CPU
		{ABC31E74-02FF-46EB-B3B2-4E6AE43B456C}.Debug|x64.ActiveCfg = Debug|Any CPU
		{ABC31E74-02FF-46EB-B3B2-4E6AE43B456C}.Debug|x64.Build.0 = Debug|Any CPU
		{ABC31E74-02FF-46EB-B3B2-4E6AE43B456C}.Debug|x86.ActiveCfg = Debug|Any CPU
		{ABC31E74-02FF-46EB-B3B2-4E6AE43B456C}.Debug|x86.Build.0 = Debug|Any CPU
		{ABC31E74-02FF-46EB-B3B2-4E6AE43B456C}.Release|Any CPU.ActiveCfg = Release|Any CPU
		{ABC31E74-02FF-46EB-B3B2-4E6AE43B456C}.Release|Any CPU.Build.0 = Release|Any CPU
		{ABC31E74-02FF-46EB-B3B2-4E6AE43B456C}.Release|x64.ActiveCfg = Release|Any CPU
		{ABC31E74-02FF-46EB-B3B2-4E6AE43B456C}.Release|x64.Build.0 = Release|Any CPU
		{ABC31E74-02FF-46EB-B3B2-4E6AE43B456C}.Release|x86.ActiveCfg = Release|Any CPU
		{ABC31E74-02FF-46EB-B3B2-4E6AE43B456C}.Release|x86.Build.0 = Release|Any CPU
		{5E6F7A8B-9C0D-4F3E-8A2B-1C4D5E6F7A8B}.Debug|Any CPU.ActiveCfg = Debug|Any CPU
		{5E6F7A8B-9C0D-4F3E-8A2B-1C4D5E6F7A8B}.Debug|Any CPU.Build.0 = Debug|Any CPU
		{5E6F7A8B-9C0D-4F3E-8A2B-1C4D5E6F7A8B}.Debug|x64.ActiveCfg = Debug|Any CPU
		{5E6F7A8B-9C0D-4F3E-8A2B-1C4D5E6F7A8B}.Debug|x64.Build.0 = Debug|Any CPU
		{5E6F7A8B-9C0D-4F3E-8A2B-1C4D5E6F7A8B}.Debug|x86.ActiveCfg = Debug|Any CPU
		{5E6F7A8B-9C0D-4F3E-8A2B-1C4D5E6F7A8B}.Debug|x86.Build.0 = Debug|Any CPU
		{5E6F7A8B-9C0D-4F3E-8A2B-1C4D5E6F7A8B}.Release|Any CPU.ActiveCfg = Release|Any CPU
		{5E6F7A8B-9C0D-4F3E-8A2B-1C4D5E6F7A8B}.Release|Any CPU.Build.0 = Release|Any CPU
		{5E6F7A8B-9C0D-4F3E-8A2B-1C4D5E6F7A8B}.Release|x64.ActiveCfg = Release|Any CPU
		{5E6F7A8B-9C0D-4F3E-8A2B-1C4D5E6F7A8B}.Release|x64.Build.0 = Release|Any CPU
		{5E6F7A8B-9C0D-4F3E-8A2B-1C4D5E6F7A8B}.Release|x86.ActiveCfg = Release|Any CPU
		{5E6F7A8B-9C0D-4F3E-8A2B-1C4D5E6F7A8B}.Release|x86.Build.0 = Release|Any CPU
		{7A8B9C0D-2E3F-4A5B-8C9D-3E4F5A6B7C8D}.Debug|Any CPU.ActiveCfg = Debug|Any CPU
		{7A8B9C0D-2E3F-4A5B-8C9D-3E4F5A6B7C8D}.Debug|Any CPU.Build.0 = Debug|Any CPU
		{7A8B9C0D-2E3F-4A5B-8C9D-3E4F5A6B7C8D}.Debug|x64.ActiveCfg = Debug|Any CPU
		{7A8B9C0D-2E3F-4A5B-8C9D-3E4F5A6B7C8D}.Debug|x64.Build.0 = Debug|Any CPU
		{7A8B9C0D-2E3F-4A5B-8C9D-3E4F5A6B7C8D}.Debug|x86.ActiveCfg = Debug|Any CPU
		{7A8B9C0D-2E3F-4A5B-8C9D-3E4F5A6B7C8D}.Debug|x86.Build.0 = Debug|Any CPU
		{7A8B9C0D-2E3F-4A5B-8C9D-3E4F5A6B7C8D}.Release|Any CPU.ActiveCfg = Release|Any CPU
		{7A8B9C0D-2E3F-4A5B-8C9D-3E4F5A6B7C8D}.Release|Any CPU.Build.0 = Release|Any CPU
		{7A8B9C0D-2E3F-4A5B-8C9D-3E4F5A6B7C8D}.Release|x64.ActiveCfg = Release|Any CPU
		{7A8B9C0D-2E3F-4A5B-8C9D-3E4F5A6B7C8D}.Release|x64.Build.0 = Release|Any CPU
		{7A8B9C0D-2E3F-4A5B-8C9D-3E4F5A6B7C8D}.Release|x86.ActiveCfg = Release|Any CPU
		{7A8B9C0D-2E3F-4A5B-8C9D-3E4F5A6B7C8D}.Release|x86.Build.0 = Release|Any CPU
		{F1473963-4443-41D3-A533-053553D02864}.Debug|Any CPU.ActiveCfg = Debug|Any CPU
		{F1473963-4443-41D3-A533-053553D02864}.Debug|Any CPU.Build.0 = Debug|Any CPU
		{F1473963-4443-41D3-A533-053553D02864}.Debug|x64.ActiveCfg = Debug|Any CPU
		{F1473963-4443-41D3-A533-053553D02864}.Debug|x64.Build.0 = Debug|Any CPU
		{F1473963-4443-41D3-A533-053553D02864}.Debug|x86.ActiveCfg = Debug|Any CPU
		{F1473963-4443-41D3-A533-053553D02864}.Debug|x86.Build.0 = Debug|Any CPU
		{F1473963-4443-41D3-A533-053553D02864}.Release|Any CPU.ActiveCfg = Release|Any CPU
		{F1473963-4443-41D3-A533-053553D02864}.Release|Any CPU.Build.0 = Release|Any CPU
		{F1473963-4443-41D3-A533-053553D02864}.Release|x64.ActiveCfg = Release|Any CPU
		{F1473963-4443-41D3-A533-053553D02864}.Release|x64.Build.0 = Release|Any CPU
		{F1473963-4443-41D3-A533-053553D02864}.Release|x86.ActiveCfg = Release|Any CPU
		{F1473963-4443-41D3-A533-053553D02864}.Release|x86.Build.0 = Release|Any CPU
		{13830F04-6F04-472D-9A36-31C3B7E5FF82}.Debug|Any CPU.ActiveCfg = Debug|Any CPU
		{13830F04-6F04-472D-9A36-31C3B7E5FF82}.Debug|Any CPU.Build.0 = Debug|Any CPU
		{13830F04-6F04-472D-9A36-31C3B7E5FF82}.Debug|x64.ActiveCfg = Debug|Any CPU
		{13830F04-6F04-472D-9A36-31C3B7E5FF82}.Debug|x64.Build.0 = Debug|Any CPU
		{13830F04-6F04-472D-9A36-31C3B7E5FF82}.Debug|x86.ActiveCfg = Debug|Any CPU
		{13830F04-6F04-472D-9A36-31C3B7E5FF82}.Debug|x86.Build.0 = Debug|Any CPU
		{13830F04-6F04-472D-9A36-31C3B7E5FF82}.Release|Any CPU.ActiveCfg = Release|Any CPU
		{13830F04-6F04-472D-9A36-31C3B7E5FF82}.Release|Any CPU.Build.0 = Release|Any CPU
		{13830F04-6F04-472D-9A36-31C3B7E5FF82}.Release|x64.ActiveCfg = Release|Any CPU
		{13830F04-6F04-472D-9A36-31C3B7E5FF82}.Release|x64.Build.0 = Release|Any CPU
		{13830F04-6F04-472D-9A36-31C3B7E5FF82}.Release|x86.ActiveCfg = Release|Any CPU
		{13830F04-6F04-472D-9A36-31C3B7E5FF82}.Release|x86.Build.0 = Release|Any CPU
		{C2D3E4F5-6A7B-8C9D-0E1F-2A3B4C5D6E7F}.Debug|Any CPU.ActiveCfg = Debug|Any CPU
		{C2D3E4F5-6A7B-8C9D-0E1F-2A3B4C5D6E7F}.Debug|Any CPU.Build.0 = Debug|Any CPU
		{C2D3E4F5-6A7B-8C9D-0E1F-2A3B4C5D6E7F}.Debug|x64.ActiveCfg = Debug|Any CPU
		{C2D3E4F5-6A7B-8C9D-0E1F-2A3B4C5D6E7F}.Debug|x64.Build.0 = Debug|Any CPU
		{C2D3E4F5-6A7B-8C9D-0E1F-2A3B4C5D6E7F}.Debug|x86.ActiveCfg = Debug|Any CPU
		{C2D3E4F5-6A7B-8C9D-0E1F-2A3B4C5D6E7F}.Debug|x86.Build.0 = Debug|Any CPU
		{C2D3E4F5-6A7B-8C9D-0E1F-2A3B4C5D6E7F}.Release|Any CPU.ActiveCfg = Release|Any CPU
		{C2D3E4F5-6A7B-8C9D-0E1F-2A3B4C5D6E7F}.Release|Any CPU.Build.0 = Release|Any CPU
		{C2D3E4F5-6A7B-8C9D-0E1F-2A3B4C5D6E7F}.Release|x64.ActiveCfg = Release|Any CPU
		{C2D3E4F5-6A7B-8C9D-0E1F-2A3B4C5D6E7F}.Release|x64.Build.0 = Release|Any CPU
		{C2D3E4F5-6A7B-8C9D-0E1F-2A3B4C5D6E7F}.Release|x86.ActiveCfg = Release|Any CPU
		{C2D3E4F5-6A7B-8C9D-0E1F-2A3B4C5D6E7F}.Release|x86.Build.0 = Release|Any CPU
		{90253A93-9FB9-4F1F-89F7-E4DADD7BA5BE}.Debug|Any CPU.ActiveCfg = Debug|Any CPU
		{90253A93-9FB9-4F1F-89F7-E4DADD7BA5BE}.Debug|Any CPU.Build.0 = Debug|Any CPU
		{90253A93-9FB9-4F1F-89F7-E4DADD7BA5BE}.Debug|x64.ActiveCfg = Debug|Any CPU
		{90253A93-9FB9-4F1F-89F7-E4DADD7BA5BE}.Debug|x64.Build.0 = Debug|Any CPU
		{90253A93-9FB9-4F1F-89F7-E4DADD7BA5BE}.Debug|x86.ActiveCfg = Debug|Any CPU
		{90253A93-9FB9-4F1F-89F7-E4DADD7BA5BE}.Debug|x86.Build.0 = Debug|Any CPU
		{90253A93-9FB9-4F1F-89F7-E4DADD7BA5BE}.Release|Any CPU.ActiveCfg = Release|Any CPU
		{90253A93-9FB9-4F1F-89F7-E4DADD7BA5BE}.Release|Any CPU.Build.0 = Release|Any CPU
		{90253A93-9FB9-4F1F-89F7-E4DADD7BA5BE}.Release|x64.ActiveCfg = Release|Any CPU
		{90253A93-9FB9-4F1F-89F7-E4DADD7BA5BE}.Release|x64.Build.0 = Release|Any CPU
		{90253A93-9FB9-4F1F-89F7-E4DADD7BA5BE}.Release|x86.ActiveCfg = Release|Any CPU
		{90253A93-9FB9-4F1F-89F7-E4DADD7BA5BE}.Release|x86.Build.0 = Release|Any CPU
		{8CABD979-D4AD-4146-8368-6174230F0902}.Debug|Any CPU.ActiveCfg = Debug|Any CPU
		{8CABD979-D4AD-4146-8368-6174230F0902}.Debug|Any CPU.Build.0 = Debug|Any CPU
		{8CABD979-D4AD-4146-8368-6174230F0902}.Debug|x64.ActiveCfg = Debug|Any CPU
		{8CABD979-D4AD-4146-8368-6174230F0902}.Debug|x64.Build.0 = Debug|Any CPU
		{8CABD979-D4AD-4146-8368-6174230F0902}.Debug|x86.ActiveCfg = Debug|Any CPU
		{8CABD979-D4AD-4146-8368-6174230F0902}.Debug|x86.Build.0 = Debug|Any CPU
		{8CABD979-D4AD-4146-8368-6174230F0902}.Release|Any CPU.ActiveCfg = Release|Any CPU
		{8CABD979-D4AD-4146-8368-6174230F0902}.Release|Any CPU.Build.0 = Release|Any CPU
		{8CABD979-D4AD-4146-8368-6174230F0902}.Release|x64.ActiveCfg = Release|Any CPU
		{8CABD979-D4AD-4146-8368-6174230F0902}.Release|x64.Build.0 = Release|Any CPU
		{8CABD979-D4AD-4146-8368-6174230F0902}.Release|x86.ActiveCfg = Release|Any CPU
		{8CABD979-D4AD-4146-8368-6174230F0902}.Release|x86.Build.0 = Release|Any CPU
		{91DF0AC0-CDF2-41A6-A1A0-9887AB4071B4}.Debug|Any CPU.ActiveCfg = Debug|Any CPU
		{91DF0AC0-CDF2-41A6-A1A0-9887AB4071B4}.Debug|Any CPU.Build.0 = Debug|Any CPU
		{91DF0AC0-CDF2-41A6-A1A0-9887AB4071B4}.Debug|x64.ActiveCfg = Debug|Any CPU
		{91DF0AC0-CDF2-41A6-A1A0-9887AB4071B4}.Debug|x64.Build.0 = Debug|Any CPU
		{91DF0AC0-CDF2-41A6-A1A0-9887AB4071B4}.Debug|x86.ActiveCfg = Debug|Any CPU
		{91DF0AC0-CDF2-41A6-A1A0-9887AB4071B4}.Debug|x86.Build.0 = Debug|Any CPU
		{91DF0AC0-CDF2-41A6-A1A0-9887AB4071B4}.Release|Any CPU.ActiveCfg = Release|Any CPU
		{91DF0AC0-CDF2-41A6-A1A0-9887AB4071B4}.Release|Any CPU.Build.0 = Release|Any CPU
		{91DF0AC0-CDF2-41A6-A1A0-9887AB4071B4}.Release|x64.ActiveCfg = Release|Any CPU
		{91DF0AC0-CDF2-41A6-A1A0-9887AB4071B4}.Release|x64.Build.0 = Release|Any CPU
		{91DF0AC0-CDF2-41A6-A1A0-9887AB4071B4}.Release|x86.ActiveCfg = Release|Any CPU
		{91DF0AC0-CDF2-41A6-A1A0-9887AB4071B4}.Release|x86.Build.0 = Release|Any CPU
		{59084420-6583-4B61-8882-BFD1EB283821}.Debug|Any CPU.ActiveCfg = Debug|Any CPU
		{59084420-6583-4B61-8882-BFD1EB283821}.Debug|Any CPU.Build.0 = Debug|Any CPU
		{59084420-6583-4B61-8882-BFD1EB283821}.Debug|x64.ActiveCfg = Debug|Any CPU
		{59084420-6583-4B61-8882-BFD1EB283821}.Debug|x64.Build.0 = Debug|Any CPU
		{59084420-6583-4B61-8882-BFD1EB283821}.Debug|x86.ActiveCfg = Debug|Any CPU
		{59084420-6583-4B61-8882-BFD1EB283821}.Debug|x86.Build.0 = Debug|Any CPU
		{59084420-6583-4B61-8882-BFD1EB283821}.Release|Any CPU.ActiveCfg = Release|Any CPU
		{59084420-6583-4B61-8882-BFD1EB283821}.Release|Any CPU.Build.0 = Release|Any CPU
		{59084420-6583-4B61-8882-BFD1EB283821}.Release|x64.ActiveCfg = Release|Any CPU
		{59084420-6583-4B61-8882-BFD1EB283821}.Release|x64.Build.0 = Release|Any CPU
		{59084420-6583-4B61-8882-BFD1EB283821}.Release|x86.ActiveCfg = Release|Any CPU
		{59084420-6583-4B61-8882-BFD1EB283821}.Release|x86.Build.0 = Release|Any CPU
		{A8A58C2B-ACAE-4EFC-AF0E-815B43720924}.Debug|Any CPU.ActiveCfg = Debug|Any CPU
		{A8A58C2B-ACAE-4EFC-AF0E-815B43720924}.Debug|Any CPU.Build.0 = Debug|Any CPU
		{A8A58C2B-ACAE-4EFC-AF0E-815B43720924}.Debug|x64.ActiveCfg = Debug|Any CPU
		{A8A58C2B-ACAE-4EFC-AF0E-815B43720924}.Debug|x64.Build.0 = Debug|Any CPU
		{A8A58C2B-ACAE-4EFC-AF0E-815B43720924}.Debug|x86.ActiveCfg = Debug|Any CPU
		{A8A58C2B-ACAE-4EFC-AF0E-815B43720924}.Debug|x86.Build.0 = Debug|Any CPU
		{A8A58C2B-ACAE-4EFC-AF0E-815B43720924}.Release|Any CPU.ActiveCfg = Release|Any CPU
		{A8A58C2B-ACAE-4EFC-AF0E-815B43720924}.Release|Any CPU.Build.0 = Release|Any CPU
		{A8A58C2B-ACAE-4EFC-AF0E-815B43720924}.Release|x64.ActiveCfg = Release|Any CPU
		{A8A58C2B-ACAE-4EFC-AF0E-815B43720924}.Release|x64.Build.0 = Release|Any CPU
		{A8A58C2B-ACAE-4EFC-AF0E-815B43720924}.Release|x86.ActiveCfg = Release|Any CPU
		{A8A58C2B-ACAE-4EFC-AF0E-815B43720924}.Release|x86.Build.0 = Release|Any CPU
		{C3B13025-EC2F-466B-8AB5-07F55A2A284C}.Debug|Any CPU.ActiveCfg = Debug|Any CPU
		{C3B13025-EC2F-466B-8AB5-07F55A2A284C}.Debug|Any CPU.Build.0 = Debug|Any CPU
		{C3B13025-EC2F-466B-8AB5-07F55A2A284C}.Debug|x64.ActiveCfg = Debug|Any CPU
		{C3B13025-EC2F-466B-8AB5-07F55A2A284C}.Debug|x64.Build.0 = Debug|Any CPU
		{C3B13025-EC2F-466B-8AB5-07F55A2A284C}.Debug|x86.ActiveCfg = Debug|Any CPU
		{C3B13025-EC2F-466B-8AB5-07F55A2A284C}.Debug|x86.Build.0 = Debug|Any CPU
		{C3B13025-EC2F-466B-8AB5-07F55A2A284C}.Release|Any CPU.ActiveCfg = Release|Any CPU
		{C3B13025-EC2F-466B-8AB5-07F55A2A284C}.Release|Any CPU.Build.0 = Release|Any CPU
		{C3B13025-EC2F-466B-8AB5-07F55A2A284C}.Release|x64.ActiveCfg = Release|Any CPU
		{C3B13025-EC2F-466B-8AB5-07F55A2A284C}.Release|x64.Build.0 = Release|Any CPU
		{C3B13025-EC2F-466B-8AB5-07F55A2A284C}.Release|x86.ActiveCfg = Release|Any CPU
		{C3B13025-EC2F-466B-8AB5-07F55A2A284C}.Release|x86.Build.0 = Release|Any CPU
		{5C54656C-3F8D-4348-9318-47A512A1C75F}.Debug|Any CPU.ActiveCfg = Debug|Any CPU
		{5C54656C-3F8D-4348-9318-47A512A1C75F}.Debug|Any CPU.Build.0 = Debug|Any CPU
		{5C54656C-3F8D-4348-9318-47A512A1C75F}.Debug|x64.ActiveCfg = Debug|Any CPU
		{5C54656C-3F8D-4348-9318-47A512A1C75F}.Debug|x64.Build.0 = Debug|Any CPU
		{5C54656C-3F8D-4348-9318-47A512A1C75F}.Debug|x86.ActiveCfg = Debug|Any CPU
		{5C54656C-3F8D-4348-9318-47A512A1C75F}.Debug|x86.Build.0 = Debug|Any CPU
		{5C54656C-3F8D-4348-9318-47A512A1C75F}.Release|Any CPU.ActiveCfg = Release|Any CPU
		{5C54656C-3F8D-4348-9318-47A512A1C75F}.Release|Any CPU.Build.0 = Release|Any CPU
		{5C54656C-3F8D-4348-9318-47A512A1C75F}.Release|x64.ActiveCfg = Release|Any CPU
		{5C54656C-3F8D-4348-9318-47A512A1C75F}.Release|x64.Build.0 = Release|Any CPU
		{5C54656C-3F8D-4348-9318-47A512A1C75F}.Release|x86.ActiveCfg = Release|Any CPU
		{5C54656C-3F8D-4348-9318-47A512A1C75F}.Release|x86.Build.0 = Release|Any CPU
		{4FBF563E-3B76-4A7C-BEDD-113792F60B99}.Debug|Any CPU.ActiveCfg = Debug|Any CPU
		{4FBF563E-3B76-4A7C-BEDD-113792F60B99}.Debug|Any CPU.Build.0 = Debug|Any CPU
		{4FBF563E-3B76-4A7C-BEDD-113792F60B99}.Debug|x64.ActiveCfg = Debug|Any CPU
		{4FBF563E-3B76-4A7C-BEDD-113792F60B99}.Debug|x64.Build.0 = Debug|Any CPU
		{4FBF563E-3B76-4A7C-BEDD-113792F60B99}.Debug|x86.ActiveCfg = Debug|Any CPU
		{4FBF563E-3B76-4A7C-BEDD-113792F60B99}.Debug|x86.Build.0 = Debug|Any CPU
		{4FBF563E-3B76-4A7C-BEDD-113792F60B99}.Release|Any CPU.ActiveCfg = Release|Any CPU
		{4FBF563E-3B76-4A7C-BEDD-113792F60B99}.Release|Any CPU.Build.0 = Release|Any CPU
		{4FBF563E-3B76-4A7C-BEDD-113792F60B99}.Release|x64.ActiveCfg = Release|Any CPU
		{4FBF563E-3B76-4A7C-BEDD-113792F60B99}.Release|x64.Build.0 = Release|Any CPU
		{4FBF563E-3B76-4A7C-BEDD-113792F60B99}.Release|x86.ActiveCfg = Release|Any CPU
		{4FBF563E-3B76-4A7C-BEDD-113792F60B99}.Release|x86.Build.0 = Release|Any CPU
		{2A3B4C5D-6E7F-8A9B-0C1D-2E3F4A5B6C7D}.Debug|Any CPU.ActiveCfg = Debug|Any CPU
		{2A3B4C5D-6E7F-8A9B-0C1D-2E3F4A5B6C7D}.Debug|Any CPU.Build.0 = Debug|Any CPU
		{2A3B4C5D-6E7F-8A9B-0C1D-2E3F4A5B6C7D}.Debug|x64.ActiveCfg = Debug|Any CPU
		{2A3B4C5D-6E7F-8A9B-0C1D-2E3F4A5B6C7D}.Debug|x64.Build.0 = Debug|Any CPU
		{2A3B4C5D-6E7F-8A9B-0C1D-2E3F4A5B6C7D}.Debug|x86.ActiveCfg = Debug|Any CPU
		{2A3B4C5D-6E7F-8A9B-0C1D-2E3F4A5B6C7D}.Debug|x86.Build.0 = Debug|Any CPU
		{2A3B4C5D-6E7F-8A9B-0C1D-2E3F4A5B6C7D}.Release|Any CPU.ActiveCfg = Release|Any CPU
		{2A3B4C5D-6E7F-8A9B-0C1D-2E3F4A5B6C7D}.Release|Any CPU.Build.0 = Release|Any CPU
		{2A3B4C5D-6E7F-8A9B-0C1D-2E3F4A5B6C7D}.Release|x64.ActiveCfg = Release|Any CPU
		{2A3B4C5D-6E7F-8A9B-0C1D-2E3F4A5B6C7D}.Release|x64.Build.0 = Release|Any CPU
		{2A3B4C5D-6E7F-8A9B-0C1D-2E3F4A5B6C7D}.Release|x86.ActiveCfg = Release|Any CPU
		{2A3B4C5D-6E7F-8A9B-0C1D-2E3F4A5B6C7D}.Release|x86.Build.0 = Release|Any CPU
		{3B4C5D6E-7F8A-9B0C-1D2E-3F4A5B6C7D8E}.Debug|Any CPU.ActiveCfg = Debug|Any CPU
		{3B4C5D6E-7F8A-9B0C-1D2E-3F4A5B6C7D8E}.Debug|Any CPU.Build.0 = Debug|Any CPU
		{3B4C5D6E-7F8A-9B0C-1D2E-3F4A5B6C7D8E}.Debug|x64.ActiveCfg = Debug|Any CPU
		{3B4C5D6E-7F8A-9B0C-1D2E-3F4A5B6C7D8E}.Debug|x64.Build.0 = Debug|Any CPU
		{3B4C5D6E-7F8A-9B0C-1D2E-3F4A5B6C7D8E}.Debug|x86.ActiveCfg = Debug|Any CPU
		{3B4C5D6E-7F8A-9B0C-1D2E-3F4A5B6C7D8E}.Debug|x86.Build.0 = Debug|Any CPU
		{3B4C5D6E-7F8A-9B0C-1D2E-3F4A5B6C7D8E}.Release|Any CPU.ActiveCfg = Release|Any CPU
		{3B4C5D6E-7F8A-9B0C-1D2E-3F4A5B6C7D8E}.Release|Any CPU.Build.0 = Release|Any CPU
		{3B4C5D6E-7F8A-9B0C-1D2E-3F4A5B6C7D8E}.Release|x64.ActiveCfg = Release|Any CPU
		{3B4C5D6E-7F8A-9B0C-1D2E-3F4A5B6C7D8E}.Release|x64.Build.0 = Release|Any CPU
		{3B4C5D6E-7F8A-9B0C-1D2E-3F4A5B6C7D8E}.Release|x86.ActiveCfg = Release|Any CPU
		{3B4C5D6E-7F8A-9B0C-1D2E-3F4A5B6C7D8E}.Release|x86.Build.0 = Release|Any CPU
		{DDA6D2DB-6134-4AD9-8E87-80A18E43A451}.Debug|Any CPU.ActiveCfg = Debug|Any CPU
		{DDA6D2DB-6134-4AD9-8E87-80A18E43A451}.Debug|Any CPU.Build.0 = Debug|Any CPU
		{DDA6D2DB-6134-4AD9-8E87-80A18E43A451}.Debug|x64.ActiveCfg = Debug|Any CPU
		{DDA6D2DB-6134-4AD9-8E87-80A18E43A451}.Debug|x64.Build.0 = Debug|Any CPU
		{DDA6D2DB-6134-4AD9-8E87-80A18E43A451}.Debug|x86.ActiveCfg = Debug|Any CPU
		{DDA6D2DB-6134-4AD9-8E87-80A18E43A451}.Debug|x86.Build.0 = Debug|Any CPU
		{DDA6D2DB-6134-4AD9-8E87-80A18E43A451}.Release|Any CPU.ActiveCfg = Release|Any CPU
		{DDA6D2DB-6134-4AD9-8E87-80A18E43A451}.Release|Any CPU.Build.0 = Release|Any CPU
		{DDA6D2DB-6134-4AD9-8E87-80A18E43A451}.Release|x64.ActiveCfg = Release|Any CPU
		{DDA6D2DB-6134-4AD9-8E87-80A18E43A451}.Release|x64.Build.0 = Release|Any CPU
		{DDA6D2DB-6134-4AD9-8E87-80A18E43A451}.Release|x86.ActiveCfg = Release|Any CPU
		{DDA6D2DB-6134-4AD9-8E87-80A18E43A451}.Release|x86.Build.0 = Release|Any CPU
		{2A994583-4F26-4FCB-AD38-6EB3105DD331}.Debug|Any CPU.ActiveCfg = Debug|Any CPU
		{2A994583-4F26-4FCB-AD38-6EB3105DD331}.Debug|Any CPU.Build.0 = Debug|Any CPU
		{2A994583-4F26-4FCB-AD38-6EB3105DD331}.Debug|x64.ActiveCfg = Debug|Any CPU
		{2A994583-4F26-4FCB-AD38-6EB3105DD331}.Debug|x64.Build.0 = Debug|Any CPU
		{2A994583-4F26-4FCB-AD38-6EB3105DD331}.Debug|x86.ActiveCfg = Debug|Any CPU
		{2A994583-4F26-4FCB-AD38-6EB3105DD331}.Debug|x86.Build.0 = Debug|Any CPU
		{2A994583-4F26-4FCB-AD38-6EB3105DD331}.Release|Any CPU.ActiveCfg = Release|Any CPU
		{2A994583-4F26-4FCB-AD38-6EB3105DD331}.Release|Any CPU.Build.0 = Release|Any CPU
		{2A994583-4F26-4FCB-AD38-6EB3105DD331}.Release|x64.ActiveCfg = Release|Any CPU
		{2A994583-4F26-4FCB-AD38-6EB3105DD331}.Release|x64.Build.0 = Release|Any CPU
		{2A994583-4F26-4FCB-AD38-6EB3105DD331}.Release|x86.ActiveCfg = Release|Any CPU
		{2A994583-4F26-4FCB-AD38-6EB3105DD331}.Release|x86.Build.0 = Release|Any CPU
		{7C42B6CE-50EF-4791-AC7A-1D75A3AFDDFF}.Debug|Any CPU.ActiveCfg = Debug|Any CPU
		{7C42B6CE-50EF-4791-AC7A-1D75A3AFDDFF}.Debug|Any CPU.Build.0 = Debug|Any CPU
		{7C42B6CE-50EF-4791-AC7A-1D75A3AFDDFF}.Debug|x64.ActiveCfg = Debug|Any CPU
		{7C42B6CE-50EF-4791-AC7A-1D75A3AFDDFF}.Debug|x64.Build.0 = Debug|Any CPU
		{7C42B6CE-50EF-4791-AC7A-1D75A3AFDDFF}.Debug|x86.ActiveCfg = Debug|Any CPU
		{7C42B6CE-50EF-4791-AC7A-1D75A3AFDDFF}.Debug|x86.Build.0 = Debug|Any CPU
		{7C42B6CE-50EF-4791-AC7A-1D75A3AFDDFF}.Release|Any CPU.ActiveCfg = Release|Any CPU
		{7C42B6CE-50EF-4791-AC7A-1D75A3AFDDFF}.Release|Any CPU.Build.0 = Release|Any CPU
		{7C42B6CE-50EF-4791-AC7A-1D75A3AFDDFF}.Release|x64.ActiveCfg = Release|Any CPU
		{7C42B6CE-50EF-4791-AC7A-1D75A3AFDDFF}.Release|x64.Build.0 = Release|Any CPU
		{7C42B6CE-50EF-4791-AC7A-1D75A3AFDDFF}.Release|x86.ActiveCfg = Release|Any CPU
		{7C42B6CE-50EF-4791-AC7A-1D75A3AFDDFF}.Release|x86.Build.0 = Release|Any CPU
		{B8D70233-7D90-48AA-A9E6-D6A5806556D3}.Debug|Any CPU.ActiveCfg = Debug|Any CPU
		{B8D70233-7D90-48AA-A9E6-D6A5806556D3}.Debug|Any CPU.Build.0 = Debug|Any CPU
		{B8D70233-7D90-48AA-A9E6-D6A5806556D3}.Debug|x64.ActiveCfg = Debug|Any CPU
		{B8D70233-7D90-48AA-A9E6-D6A5806556D3}.Debug|x64.Build.0 = Debug|Any CPU
		{B8D70233-7D90-48AA-A9E6-D6A5806556D3}.Debug|x86.ActiveCfg = Debug|Any CPU
		{B8D70233-7D90-48AA-A9E6-D6A5806556D3}.Debug|x86.Build.0 = Debug|Any CPU
		{B8D70233-7D90-48AA-A9E6-D6A5806556D3}.Release|Any CPU.ActiveCfg = Release|Any CPU
		{B8D70233-7D90-48AA-A9E6-D6A5806556D3}.Release|Any CPU.Build.0 = Release|Any CPU
		{B8D70233-7D90-48AA-A9E6-D6A5806556D3}.Release|x64.ActiveCfg = Release|Any CPU
		{B8D70233-7D90-48AA-A9E6-D6A5806556D3}.Release|x64.Build.0 = Release|Any CPU
		{B8D70233-7D90-48AA-A9E6-D6A5806556D3}.Release|x86.ActiveCfg = Release|Any CPU
		{B8D70233-7D90-48AA-A9E6-D6A5806556D3}.Release|x86.Build.0 = Release|Any CPU
		{D3BA893E-79FF-4BFB-A560-6DC9FFAEBFCD}.Debug|Any CPU.ActiveCfg = Debug|Any CPU
		{D3BA893E-79FF-4BFB-A560-6DC9FFAEBFCD}.Debug|Any CPU.Build.0 = Debug|Any CPU
		{D3BA893E-79FF-4BFB-A560-6DC9FFAEBFCD}.Debug|x64.ActiveCfg = Debug|Any CPU
		{D3BA893E-79FF-4BFB-A560-6DC9FFAEBFCD}.Debug|x64.Build.0 = Debug|Any CPU
		{D3BA893E-79FF-4BFB-A560-6DC9FFAEBFCD}.Debug|x86.ActiveCfg = Debug|Any CPU
		{D3BA893E-79FF-4BFB-A560-6DC9FFAEBFCD}.Debug|x86.Build.0 = Debug|Any CPU
		{D3BA893E-79FF-4BFB-A560-6DC9FFAEBFCD}.Release|Any CPU.ActiveCfg = Release|Any CPU
		{D3BA893E-79FF-4BFB-A560-6DC9FFAEBFCD}.Release|Any CPU.Build.0 = Release|Any CPU
		{D3BA893E-79FF-4BFB-A560-6DC9FFAEBFCD}.Release|x64.ActiveCfg = Release|Any CPU
		{D3BA893E-79FF-4BFB-A560-6DC9FFAEBFCD}.Release|x64.Build.0 = Release|Any CPU
		{D3BA893E-79FF-4BFB-A560-6DC9FFAEBFCD}.Release|x86.ActiveCfg = Release|Any CPU
		{D3BA893E-79FF-4BFB-A560-6DC9FFAEBFCD}.Release|x86.Build.0 = Release|Any CPU
		{49856F2C-9EBA-4ACA-AFFA-9FE65901D31C}.Debug|Any CPU.ActiveCfg = Debug|Any CPU
		{49856F2C-9EBA-4ACA-AFFA-9FE65901D31C}.Debug|Any CPU.Build.0 = Debug|Any CPU
		{49856F2C-9EBA-4ACA-AFFA-9FE65901D31C}.Debug|x64.ActiveCfg = Debug|Any CPU
		{49856F2C-9EBA-4ACA-AFFA-9FE65901D31C}.Debug|x64.Build.0 = Debug|Any CPU
		{49856F2C-9EBA-4ACA-AFFA-9FE65901D31C}.Debug|x86.ActiveCfg = Debug|Any CPU
		{49856F2C-9EBA-4ACA-AFFA-9FE65901D31C}.Debug|x86.Build.0 = Debug|Any CPU
		{49856F2C-9EBA-4ACA-AFFA-9FE65901D31C}.Release|Any CPU.ActiveCfg = Release|Any CPU
		{49856F2C-9EBA-4ACA-AFFA-9FE65901D31C}.Release|Any CPU.Build.0 = Release|Any CPU
		{49856F2C-9EBA-4ACA-AFFA-9FE65901D31C}.Release|x64.ActiveCfg = Release|Any CPU
		{49856F2C-9EBA-4ACA-AFFA-9FE65901D31C}.Release|x64.Build.0 = Release|Any CPU
		{49856F2C-9EBA-4ACA-AFFA-9FE65901D31C}.Release|x86.ActiveCfg = Release|Any CPU
		{49856F2C-9EBA-4ACA-AFFA-9FE65901D31C}.Release|x86.Build.0 = Release|Any CPU
		{3E72A378-A5F7-4A0A-9885-E3A026485330}.Debug|Any CPU.ActiveCfg = Debug|Any CPU
		{3E72A378-A5F7-4A0A-9885-E3A026485330}.Debug|Any CPU.Build.0 = Debug|Any CPU
		{3E72A378-A5F7-4A0A-9885-E3A026485330}.Debug|x64.ActiveCfg = Debug|Any CPU
		{3E72A378-A5F7-4A0A-9885-E3A026485330}.Debug|x64.Build.0 = Debug|Any CPU
		{3E72A378-A5F7-4A0A-9885-E3A026485330}.Debug|x86.ActiveCfg = Debug|Any CPU
		{3E72A378-A5F7-4A0A-9885-E3A026485330}.Debug|x86.Build.0 = Debug|Any CPU
		{3E72A378-A5F7-4A0A-9885-E3A026485330}.Release|Any CPU.ActiveCfg = Release|Any CPU
		{3E72A378-A5F7-4A0A-9885-E3A026485330}.Release|Any CPU.Build.0 = Release|Any CPU
		{3E72A378-A5F7-4A0A-9885-E3A026485330}.Release|x64.ActiveCfg = Release|Any CPU
		{3E72A378-A5F7-4A0A-9885-E3A026485330}.Release|x64.Build.0 = Release|Any CPU
		{3E72A378-A5F7-4A0A-9885-E3A026485330}.Release|x86.ActiveCfg = Release|Any CPU
		{3E72A378-A5F7-4A0A-9885-E3A026485330}.Release|x86.Build.0 = Release|Any CPU
		{67340FAF-671E-4D07-8A36-E7E9AB8BB9A7}.Debug|Any CPU.ActiveCfg = Debug|Any CPU
		{67340FAF-671E-4D07-8A36-E7E9AB8BB9A7}.Debug|Any CPU.Build.0 = Debug|Any CPU
		{67340FAF-671E-4D07-8A36-E7E9AB8BB9A7}.Debug|x64.ActiveCfg = Debug|Any CPU
		{67340FAF-671E-4D07-8A36-E7E9AB8BB9A7}.Debug|x64.Build.0 = Debug|Any CPU
		{67340FAF-671E-4D07-8A36-E7E9AB8BB9A7}.Debug|x86.ActiveCfg = Debug|Any CPU
		{67340FAF-671E-4D07-8A36-E7E9AB8BB9A7}.Debug|x86.Build.0 = Debug|Any CPU
		{67340FAF-671E-4D07-8A36-E7E9AB8BB9A7}.Release|Any CPU.ActiveCfg = Release|Any CPU
		{67340FAF-671E-4D07-8A36-E7E9AB8BB9A7}.Release|Any CPU.Build.0 = Release|Any CPU
		{67340FAF-671E-4D07-8A36-E7E9AB8BB9A7}.Release|x64.ActiveCfg = Release|Any CPU
		{67340FAF-671E-4D07-8A36-E7E9AB8BB9A7}.Release|x64.Build.0 = Release|Any CPU
		{67340FAF-671E-4D07-8A36-E7E9AB8BB9A7}.Release|x86.ActiveCfg = Release|Any CPU
		{67340FAF-671E-4D07-8A36-E7E9AB8BB9A7}.Release|x86.Build.0 = Release|Any CPU
		{039B4019-985F-4021-AF89-3CA8916123D6}.Debug|Any CPU.ActiveCfg = Debug|Any CPU
		{039B4019-985F-4021-AF89-3CA8916123D6}.Debug|Any CPU.Build.0 = Debug|Any CPU
		{039B4019-985F-4021-AF89-3CA8916123D6}.Debug|x64.ActiveCfg = Debug|Any CPU
		{039B4019-985F-4021-AF89-3CA8916123D6}.Debug|x64.Build.0 = Debug|Any CPU
		{039B4019-985F-4021-AF89-3CA8916123D6}.Debug|x86.ActiveCfg = Debug|Any CPU
		{039B4019-985F-4021-AF89-3CA8916123D6}.Debug|x86.Build.0 = Debug|Any CPU
		{039B4019-985F-4021-AF89-3CA8916123D6}.Release|Any CPU.ActiveCfg = Release|Any CPU
		{039B4019-985F-4021-AF89-3CA8916123D6}.Release|Any CPU.Build.0 = Release|Any CPU
		{039B4019-985F-4021-AF89-3CA8916123D6}.Release|x64.ActiveCfg = Release|Any CPU
		{039B4019-985F-4021-AF89-3CA8916123D6}.Release|x64.Build.0 = Release|Any CPU
		{039B4019-985F-4021-AF89-3CA8916123D6}.Release|x86.ActiveCfg = Release|Any CPU
		{039B4019-985F-4021-AF89-3CA8916123D6}.Release|x86.Build.0 = Release|Any CPU
		{629D8782-6A7B-4F60-BBCB-EBA7CA4CD1DD}.Debug|Any CPU.ActiveCfg = Debug|Any CPU
		{629D8782-6A7B-4F60-BBCB-EBA7CA4CD1DD}.Debug|Any CPU.Build.0 = Debug|Any CPU
		{629D8782-6A7B-4F60-BBCB-EBA7CA4CD1DD}.Debug|x64.ActiveCfg = Debug|Any CPU
		{629D8782-6A7B-4F60-BBCB-EBA7CA4CD1DD}.Debug|x64.Build.0 = Debug|Any CPU
		{629D8782-6A7B-4F60-BBCB-EBA7CA4CD1DD}.Debug|x86.ActiveCfg = Debug|Any CPU
		{629D8782-6A7B-4F60-BBCB-EBA7CA4CD1DD}.Debug|x86.Build.0 = Debug|Any CPU
		{629D8782-6A7B-4F60-BBCB-EBA7CA4CD1DD}.Release|Any CPU.ActiveCfg = Release|Any CPU
		{629D8782-6A7B-4F60-BBCB-EBA7CA4CD1DD}.Release|Any CPU.Build.0 = Release|Any CPU
		{629D8782-6A7B-4F60-BBCB-EBA7CA4CD1DD}.Release|x64.ActiveCfg = Release|Any CPU
		{629D8782-6A7B-4F60-BBCB-EBA7CA4CD1DD}.Release|x64.Build.0 = Release|Any CPU
		{629D8782-6A7B-4F60-BBCB-EBA7CA4CD1DD}.Release|x86.ActiveCfg = Release|Any CPU
		{629D8782-6A7B-4F60-BBCB-EBA7CA4CD1DD}.Release|x86.Build.0 = Release|Any CPU
		{8337BCEA-9867-43DD-A86C-842B5125A4FC}.Debug|Any CPU.ActiveCfg = Debug|Any CPU
		{8337BCEA-9867-43DD-A86C-842B5125A4FC}.Debug|Any CPU.Build.0 = Debug|Any CPU
		{8337BCEA-9867-43DD-A86C-842B5125A4FC}.Debug|x64.ActiveCfg = Debug|Any CPU
		{8337BCEA-9867-43DD-A86C-842B5125A4FC}.Debug|x64.Build.0 = Debug|Any CPU
		{8337BCEA-9867-43DD-A86C-842B5125A4FC}.Debug|x86.ActiveCfg = Debug|Any CPU
		{8337BCEA-9867-43DD-A86C-842B5125A4FC}.Debug|x86.Build.0 = Debug|Any CPU
		{8337BCEA-9867-43DD-A86C-842B5125A4FC}.Release|Any CPU.ActiveCfg = Release|Any CPU
		{8337BCEA-9867-43DD-A86C-842B5125A4FC}.Release|Any CPU.Build.0 = Release|Any CPU
		{8337BCEA-9867-43DD-A86C-842B5125A4FC}.Release|x64.ActiveCfg = Release|Any CPU
		{8337BCEA-9867-43DD-A86C-842B5125A4FC}.Release|x64.Build.0 = Release|Any CPU
		{8337BCEA-9867-43DD-A86C-842B5125A4FC}.Release|x86.ActiveCfg = Release|Any CPU
		{8337BCEA-9867-43DD-A86C-842B5125A4FC}.Release|x86.Build.0 = Release|Any CPU
		{1017A813-4CE0-49D4-B6A4-3740D925A111}.Debug|Any CPU.ActiveCfg = Debug|Any CPU
		{1017A813-4CE0-49D4-B6A4-3740D925A111}.Debug|Any CPU.Build.0 = Debug|Any CPU
		{1017A813-4CE0-49D4-B6A4-3740D925A111}.Debug|x64.ActiveCfg = Debug|Any CPU
		{1017A813-4CE0-49D4-B6A4-3740D925A111}.Debug|x64.Build.0 = Debug|Any CPU
		{1017A813-4CE0-49D4-B6A4-3740D925A111}.Debug|x86.ActiveCfg = Debug|Any CPU
		{1017A813-4CE0-49D4-B6A4-3740D925A111}.Debug|x86.Build.0 = Debug|Any CPU
		{1017A813-4CE0-49D4-B6A4-3740D925A111}.Release|Any CPU.ActiveCfg = Release|Any CPU
		{1017A813-4CE0-49D4-B6A4-3740D925A111}.Release|Any CPU.Build.0 = Release|Any CPU
		{1017A813-4CE0-49D4-B6A4-3740D925A111}.Release|x64.ActiveCfg = Release|Any CPU
		{1017A813-4CE0-49D4-B6A4-3740D925A111}.Release|x64.Build.0 = Release|Any CPU
		{1017A813-4CE0-49D4-B6A4-3740D925A111}.Release|x86.ActiveCfg = Release|Any CPU
		{1017A813-4CE0-49D4-B6A4-3740D925A111}.Release|x86.Build.0 = Release|Any CPU
		{E1DA7807-2FD4-46EC-9C0C-301381B0D11C}.Debug|Any CPU.ActiveCfg = Debug|Any CPU
		{E1DA7807-2FD4-46EC-9C0C-301381B0D11C}.Debug|Any CPU.Build.0 = Debug|Any CPU
		{E1DA7807-2FD4-46EC-9C0C-301381B0D11C}.Debug|x64.ActiveCfg = Debug|Any CPU
		{E1DA7807-2FD4-46EC-9C0C-301381B0D11C}.Debug|x64.Build.0 = Debug|Any CPU
		{E1DA7807-2FD4-46EC-9C0C-301381B0D11C}.Debug|x86.ActiveCfg = Debug|Any CPU
		{E1DA7807-2FD4-46EC-9C0C-301381B0D11C}.Debug|x86.Build.0 = Debug|Any CPU
		{E1DA7807-2FD4-46EC-9C0C-301381B0D11C}.Release|Any CPU.ActiveCfg = Release|Any CPU
		{E1DA7807-2FD4-46EC-9C0C-301381B0D11C}.Release|Any CPU.Build.0 = Release|Any CPU
		{E1DA7807-2FD4-46EC-9C0C-301381B0D11C}.Release|x64.ActiveCfg = Release|Any CPU
		{E1DA7807-2FD4-46EC-9C0C-301381B0D11C}.Release|x64.Build.0 = Release|Any CPU
		{E1DA7807-2FD4-46EC-9C0C-301381B0D11C}.Release|x86.ActiveCfg = Release|Any CPU
		{E1DA7807-2FD4-46EC-9C0C-301381B0D11C}.Release|x86.Build.0 = Release|Any CPU
		{B0F38D2C-C2B3-4139-940B-A2E9CE7BFB87}.Debug|Any CPU.ActiveCfg = Debug|Any CPU
		{B0F38D2C-C2B3-4139-940B-A2E9CE7BFB87}.Debug|Any CPU.Build.0 = Debug|Any CPU
		{B0F38D2C-C2B3-4139-940B-A2E9CE7BFB87}.Debug|x64.ActiveCfg = Debug|Any CPU
		{B0F38D2C-C2B3-4139-940B-A2E9CE7BFB87}.Debug|x64.Build.0 = Debug|Any CPU
		{B0F38D2C-C2B3-4139-940B-A2E9CE7BFB87}.Debug|x86.ActiveCfg = Debug|Any CPU
		{B0F38D2C-C2B3-4139-940B-A2E9CE7BFB87}.Debug|x86.Build.0 = Debug|Any CPU
		{B0F38D2C-C2B3-4139-940B-A2E9CE7BFB87}.Release|Any CPU.ActiveCfg = Release|Any CPU
		{B0F38D2C-C2B3-4139-940B-A2E9CE7BFB87}.Release|Any CPU.Build.0 = Release|Any CPU
		{B0F38D2C-C2B3-4139-940B-A2E9CE7BFB87}.Release|x64.ActiveCfg = Release|Any CPU
		{B0F38D2C-C2B3-4139-940B-A2E9CE7BFB87}.Release|x64.Build.0 = Release|Any CPU
		{B0F38D2C-C2B3-4139-940B-A2E9CE7BFB87}.Release|x86.ActiveCfg = Release|Any CPU
		{B0F38D2C-C2B3-4139-940B-A2E9CE7BFB87}.Release|x86.Build.0 = Release|Any CPU
		{DF5EB171-09AB-41CE-A4FA-8ABB38E859CD}.Debug|Any CPU.ActiveCfg = Debug|Any CPU
		{DF5EB171-09AB-41CE-A4FA-8ABB38E859CD}.Debug|Any CPU.Build.0 = Debug|Any CPU
		{DF5EB171-09AB-41CE-A4FA-8ABB38E859CD}.Debug|x64.ActiveCfg = Debug|Any CPU
		{DF5EB171-09AB-41CE-A4FA-8ABB38E859CD}.Debug|x64.Build.0 = Debug|Any CPU
		{DF5EB171-09AB-41CE-A4FA-8ABB38E859CD}.Debug|x86.ActiveCfg = Debug|Any CPU
		{DF5EB171-09AB-41CE-A4FA-8ABB38E859CD}.Debug|x86.Build.0 = Debug|Any CPU
		{DF5EB171-09AB-41CE-A4FA-8ABB38E859CD}.Release|Any CPU.ActiveCfg = Release|Any CPU
		{DF5EB171-09AB-41CE-A4FA-8ABB38E859CD}.Release|Any CPU.Build.0 = Release|Any CPU
		{DF5EB171-09AB-41CE-A4FA-8ABB38E859CD}.Release|x64.ActiveCfg = Release|Any CPU
		{DF5EB171-09AB-41CE-A4FA-8ABB38E859CD}.Release|x64.Build.0 = Release|Any CPU
		{DF5EB171-09AB-41CE-A4FA-8ABB38E859CD}.Release|x86.ActiveCfg = Release|Any CPU
		{DF5EB171-09AB-41CE-A4FA-8ABB38E859CD}.Release|x86.Build.0 = Release|Any CPU
		{EF1C3158-75AF-4173-96D1-234FE595831C}.Debug|Any CPU.ActiveCfg = Debug|Any CPU
		{EF1C3158-75AF-4173-96D1-234FE595831C}.Debug|Any CPU.Build.0 = Debug|Any CPU
		{EF1C3158-75AF-4173-96D1-234FE595831C}.Debug|x64.ActiveCfg = Debug|Any CPU
		{EF1C3158-75AF-4173-96D1-234FE595831C}.Debug|x64.Build.0 = Debug|Any CPU
		{EF1C3158-75AF-4173-96D1-234FE595831C}.Debug|x86.ActiveCfg = Debug|Any CPU
		{EF1C3158-75AF-4173-96D1-234FE595831C}.Debug|x86.Build.0 = Debug|Any CPU
		{EF1C3158-75AF-4173-96D1-234FE595831C}.Release|Any CPU.ActiveCfg = Release|Any CPU
		{EF1C3158-75AF-4173-96D1-234FE595831C}.Release|Any CPU.Build.0 = Release|Any CPU
		{EF1C3158-75AF-4173-96D1-234FE595831C}.Release|x64.ActiveCfg = Release|Any CPU
		{EF1C3158-75AF-4173-96D1-234FE595831C}.Release|x64.Build.0 = Release|Any CPU
		{EF1C3158-75AF-4173-96D1-234FE595831C}.Release|x86.ActiveCfg = Release|Any CPU
		{EF1C3158-75AF-4173-96D1-234FE595831C}.Release|x86.Build.0 = Release|Any CPU
		{A7D81410-579A-43B1-934E-77BEE869CB26}.Debug|Any CPU.ActiveCfg = Debug|Any CPU
		{A7D81410-579A-43B1-934E-77BEE869CB26}.Debug|Any CPU.Build.0 = Debug|Any CPU
		{A7D81410-579A-43B1-934E-77BEE869CB26}.Debug|x64.ActiveCfg = Debug|Any CPU
		{A7D81410-579A-43B1-934E-77BEE869CB26}.Debug|x64.Build.0 = Debug|Any CPU
		{A7D81410-579A-43B1-934E-77BEE869CB26}.Debug|x86.ActiveCfg = Debug|Any CPU
		{A7D81410-579A-43B1-934E-77BEE869CB26}.Debug|x86.Build.0 = Debug|Any CPU
		{A7D81410-579A-43B1-934E-77BEE869CB26}.Release|Any CPU.ActiveCfg = Release|Any CPU
		{A7D81410-579A-43B1-934E-77BEE869CB26}.Release|Any CPU.Build.0 = Release|Any CPU
		{A7D81410-579A-43B1-934E-77BEE869CB26}.Release|x64.ActiveCfg = Release|Any CPU
		{A7D81410-579A-43B1-934E-77BEE869CB26}.Release|x64.Build.0 = Release|Any CPU
		{A7D81410-579A-43B1-934E-77BEE869CB26}.Release|x86.ActiveCfg = Release|Any CPU
		{A7D81410-579A-43B1-934E-77BEE869CB26}.Release|x86.Build.0 = Release|Any CPU
		{6C5DD2B3-BF5A-4595-B655-4E00B8675C3C}.Debug|Any CPU.ActiveCfg = Debug|Any CPU
		{6C5DD2B3-BF5A-4595-B655-4E00B8675C3C}.Debug|Any CPU.Build.0 = Debug|Any CPU
		{6C5DD2B3-BF5A-4595-B655-4E00B8675C3C}.Debug|x64.ActiveCfg = Debug|Any CPU
		{6C5DD2B3-BF5A-4595-B655-4E00B8675C3C}.Debug|x64.Build.0 = Debug|Any CPU
		{6C5DD2B3-BF5A-4595-B655-4E00B8675C3C}.Debug|x86.ActiveCfg = Debug|Any CPU
		{6C5DD2B3-BF5A-4595-B655-4E00B8675C3C}.Debug|x86.Build.0 = Debug|Any CPU
		{6C5DD2B3-BF5A-4595-B655-4E00B8675C3C}.Release|Any CPU.ActiveCfg = Release|Any CPU
		{6C5DD2B3-BF5A-4595-B655-4E00B8675C3C}.Release|Any CPU.Build.0 = Release|Any CPU
		{6C5DD2B3-BF5A-4595-B655-4E00B8675C3C}.Release|x64.ActiveCfg = Release|Any CPU
		{6C5DD2B3-BF5A-4595-B655-4E00B8675C3C}.Release|x64.Build.0 = Release|Any CPU
		{6C5DD2B3-BF5A-4595-B655-4E00B8675C3C}.Release|x86.ActiveCfg = Release|Any CPU
		{6C5DD2B3-BF5A-4595-B655-4E00B8675C3C}.Release|x86.Build.0 = Release|Any CPU
		{B9E8F123-4C56-7A89-0123-456789ABCDEF}.Debug|Any CPU.ActiveCfg = Debug|Any CPU
		{B9E8F123-4C56-7A89-0123-456789ABCDEF}.Debug|Any CPU.Build.0 = Debug|Any CPU
		{B9E8F123-4C56-7A89-0123-456789ABCDEF}.Debug|x64.ActiveCfg = Debug|Any CPU
		{B9E8F123-4C56-7A89-0123-456789ABCDEF}.Debug|x64.Build.0 = Debug|Any CPU
		{B9E8F123-4C56-7A89-0123-456789ABCDEF}.Debug|x86.ActiveCfg = Debug|Any CPU
		{B9E8F123-4C56-7A89-0123-456789ABCDEF}.Debug|x86.Build.0 = Debug|Any CPU
		{B9E8F123-4C56-7A89-0123-456789ABCDEF}.Release|Any CPU.ActiveCfg = Release|Any CPU
		{B9E8F123-4C56-7A89-0123-456789ABCDEF}.Release|Any CPU.Build.0 = Release|Any CPU
		{B9E8F123-4C56-7A89-0123-456789ABCDEF}.Release|x64.ActiveCfg = Release|Any CPU
		{B9E8F123-4C56-7A89-0123-456789ABCDEF}.Release|x64.Build.0 = Release|Any CPU
		{B9E8F123-4C56-7A89-0123-456789ABCDEF}.Release|x86.ActiveCfg = Release|Any CPU
		{B9E8F123-4C56-7A89-0123-456789ABCDEF}.Release|x86.Build.0 = Release|Any CPU
		{A25ADDA2-91AC-4A01-93EA-BCE68E60F111}.Debug|Any CPU.ActiveCfg = Debug|Any CPU
		{A25ADDA2-91AC-4A01-93EA-BCE68E60F111}.Debug|Any CPU.Build.0 = Debug|Any CPU
		{A25ADDA2-91AC-4A01-93EA-BCE68E60F111}.Debug|x64.ActiveCfg = Debug|Any CPU
		{A25ADDA2-91AC-4A01-93EA-BCE68E60F111}.Debug|x64.Build.0 = Debug|Any CPU
		{A25ADDA2-91AC-4A01-93EA-BCE68E60F111}.Debug|x86.ActiveCfg = Debug|Any CPU
		{A25ADDA2-91AC-4A01-93EA-BCE68E60F111}.Debug|x86.Build.0 = Debug|Any CPU
		{A25ADDA2-91AC-4A01-93EA-BCE68E60F111}.Release|Any CPU.ActiveCfg = Release|Any CPU
		{A25ADDA2-91AC-4A01-93EA-BCE68E60F111}.Release|Any CPU.Build.0 = Release|Any CPU
		{A25ADDA2-91AC-4A01-93EA-BCE68E60F111}.Release|x64.ActiveCfg = Release|Any CPU
		{A25ADDA2-91AC-4A01-93EA-BCE68E60F111}.Release|x64.Build.0 = Release|Any CPU
		{A25ADDA2-91AC-4A01-93EA-BCE68E60F111}.Release|x86.ActiveCfg = Release|Any CPU
		{A25ADDA2-91AC-4A01-93EA-BCE68E60F111}.Release|x86.Build.0 = Release|Any CPU
		{B89318C9-2952-42E7-9FF1-446BA3D9EFB2}.Debug|Any CPU.ActiveCfg = Debug|Any CPU
		{B89318C9-2952-42E7-9FF1-446BA3D9EFB2}.Debug|Any CPU.Build.0 = Debug|Any CPU
		{B89318C9-2952-42E7-9FF1-446BA3D9EFB2}.Debug|x64.ActiveCfg = Debug|Any CPU
		{B89318C9-2952-42E7-9FF1-446BA3D9EFB2}.Debug|x64.Build.0 = Debug|Any CPU
		{B89318C9-2952-42E7-9FF1-446BA3D9EFB2}.Debug|x86.ActiveCfg = Debug|Any CPU
		{B89318C9-2952-42E7-9FF1-446BA3D9EFB2}.Debug|x86.Build.0 = Debug|Any CPU
		{B89318C9-2952-42E7-9FF1-446BA3D9EFB2}.Release|Any CPU.ActiveCfg = Release|Any CPU
		{B89318C9-2952-42E7-9FF1-446BA3D9EFB2}.Release|Any CPU.Build.0 = Release|Any CPU
		{B89318C9-2952-42E7-9FF1-446BA3D9EFB2}.Release|x64.ActiveCfg = Release|Any CPU
		{B89318C9-2952-42E7-9FF1-446BA3D9EFB2}.Release|x64.Build.0 = Release|Any CPU
		{B89318C9-2952-42E7-9FF1-446BA3D9EFB2}.Release|x86.ActiveCfg = Release|Any CPU
		{B89318C9-2952-42E7-9FF1-446BA3D9EFB2}.Release|x86.Build.0 = Release|Any CPU
		{C1D2E3F4-5A6B-7C8D-9E0F-1A2B3C4D5E6F}.Debug|Any CPU.ActiveCfg = Debug|Any CPU
		{C1D2E3F4-5A6B-7C8D-9E0F-1A2B3C4D5E6F}.Debug|Any CPU.Build.0 = Debug|Any CPU
		{C1D2E3F4-5A6B-7C8D-9E0F-1A2B3C4D5E6F}.Debug|x64.ActiveCfg = Debug|Any CPU
		{C1D2E3F4-5A6B-7C8D-9E0F-1A2B3C4D5E6F}.Debug|x64.Build.0 = Debug|Any CPU
		{C1D2E3F4-5A6B-7C8D-9E0F-1A2B3C4D5E6F}.Debug|x86.ActiveCfg = Debug|Any CPU
		{C1D2E3F4-5A6B-7C8D-9E0F-1A2B3C4D5E6F}.Debug|x86.Build.0 = Debug|Any CPU
		{C1D2E3F4-5A6B-7C8D-9E0F-1A2B3C4D5E6F}.Release|Any CPU.ActiveCfg = Release|Any CPU
		{C1D2E3F4-5A6B-7C8D-9E0F-1A2B3C4D5E6F}.Release|Any CPU.Build.0 = Release|Any CPU
		{C1D2E3F4-5A6B-7C8D-9E0F-1A2B3C4D5E6F}.Release|x64.ActiveCfg = Release|Any CPU
		{C1D2E3F4-5A6B-7C8D-9E0F-1A2B3C4D5E6F}.Release|x64.Build.0 = Release|Any CPU
		{C1D2E3F4-5A6B-7C8D-9E0F-1A2B3C4D5E6F}.Release|x86.ActiveCfg = Release|Any CPU
		{C1D2E3F4-5A6B-7C8D-9E0F-1A2B3C4D5E6F}.Release|x86.Build.0 = Release|Any CPU
		{22F50200-C213-407F-9B80-BD1BAC744EBC}.Debug|Any CPU.ActiveCfg = Debug|Any CPU
		{22F50200-C213-407F-9B80-BD1BAC744EBC}.Debug|Any CPU.Build.0 = Debug|Any CPU
		{22F50200-C213-407F-9B80-BD1BAC744EBC}.Debug|x64.ActiveCfg = Debug|Any CPU
		{22F50200-C213-407F-9B80-BD1BAC744EBC}.Debug|x64.Build.0 = Debug|Any CPU
		{22F50200-C213-407F-9B80-BD1BAC744EBC}.Debug|x86.ActiveCfg = Debug|Any CPU
		{22F50200-C213-407F-9B80-BD1BAC744EBC}.Debug|x86.Build.0 = Debug|Any CPU
		{22F50200-C213-407F-9B80-BD1BAC744EBC}.Release|Any CPU.ActiveCfg = Release|Any CPU
		{22F50200-C213-407F-9B80-BD1BAC744EBC}.Release|Any CPU.Build.0 = Release|Any CPU
		{22F50200-C213-407F-9B80-BD1BAC744EBC}.Release|x64.ActiveCfg = Release|Any CPU
		{22F50200-C213-407F-9B80-BD1BAC744EBC}.Release|x64.Build.0 = Release|Any CPU
		{22F50200-C213-407F-9B80-BD1BAC744EBC}.Release|x86.ActiveCfg = Release|Any CPU
		{22F50200-C213-407F-9B80-BD1BAC744EBC}.Release|x86.Build.0 = Release|Any CPU
		{2ECA3FF7-7729-4E37-93B8-F4AF75F48651}.Debug|Any CPU.ActiveCfg = Debug|Any CPU
		{2ECA3FF7-7729-4E37-93B8-F4AF75F48651}.Debug|Any CPU.Build.0 = Debug|Any CPU
		{2ECA3FF7-7729-4E37-93B8-F4AF75F48651}.Debug|x64.ActiveCfg = Debug|Any CPU
		{2ECA3FF7-7729-4E37-93B8-F4AF75F48651}.Debug|x64.Build.0 = Debug|Any CPU
		{2ECA3FF7-7729-4E37-93B8-F4AF75F48651}.Debug|x86.ActiveCfg = Debug|Any CPU
		{2ECA3FF7-7729-4E37-93B8-F4AF75F48651}.Debug|x86.Build.0 = Debug|Any CPU
		{2ECA3FF7-7729-4E37-93B8-F4AF75F48651}.Release|Any CPU.ActiveCfg = Release|Any CPU
		{2ECA3FF7-7729-4E37-93B8-F4AF75F48651}.Release|Any CPU.Build.0 = Release|Any CPU
		{2ECA3FF7-7729-4E37-93B8-F4AF75F48651}.Release|x64.ActiveCfg = Release|Any CPU
		{2ECA3FF7-7729-4E37-93B8-F4AF75F48651}.Release|x64.Build.0 = Release|Any CPU
		{2ECA3FF7-7729-4E37-93B8-F4AF75F48651}.Release|x86.ActiveCfg = Release|Any CPU
		{2ECA3FF7-7729-4E37-93B8-F4AF75F48651}.Release|x86.Build.0 = Release|Any CPU
	EndGlobalSection
	GlobalSection(SolutionProperties) = preSolution
		HideSolutionNode = FALSE
	EndGlobalSection
	GlobalSection(NestedProjects) = preSolution
		{5E6F7A8B-9C0D-4F3E-8A2B-1C4D5E6F7A8B} = {4F9E4B5A-8C7D-4E2F-9A1B-3C5D6E7F8A9B}
		{7A8B9C0D-2E3F-4A5B-8C9D-3E4F5A6B7C8D} = {6F8A9B0C-1D2E-4F5A-8B9C-2D3E4F5A6B7C}
		{F1473963-4443-41D3-A533-053553D02864} = {827E0CD3-B72D-47B6-A68D-7590B98EB39B}
		{13830F04-6F04-472D-9A36-31C3B7E5FF82} = {6F8A9B0C-1D2E-4F5A-8B9C-2D3E4F5A6B7C}
		{C2D3E4F5-6A7B-8C9D-0E1F-2A3B4C5D6E7F} = {B1C2D3E4-5F6A-7B8C-9D0E-1F2A3B4C5D6E}
		{90253A93-9FB9-4F1F-89F7-E4DADD7BA5BE} = {827E0CD3-B72D-47B6-A68D-7590B98EB39B}
		{8CABD979-D4AD-4146-8368-6174230F0902} = {6F8A9B0C-1D2E-4F5A-8B9C-2D3E4F5A6B7C}
		{91DF0AC0-CDF2-41A6-A1A0-9887AB4071B4} = {827E0CD3-B72D-47B6-A68D-7590B98EB39B}
		{59084420-6583-4B61-8882-BFD1EB283821} = {6F8A9B0C-1D2E-4F5A-8B9C-2D3E4F5A6B7C}
		{A8A58C2B-ACAE-4EFC-AF0E-815B43720924} = {827E0CD3-B72D-47B6-A68D-7590B98EB39B}
		{C3B13025-EC2F-466B-8AB5-07F55A2A284C} = {6F8A9B0C-1D2E-4F5A-8B9C-2D3E4F5A6B7C}
		{5C54656C-3F8D-4348-9318-47A512A1C75F} = {827E0CD3-B72D-47B6-A68D-7590B98EB39B}
		{4FBF563E-3B76-4A7C-BEDD-113792F60B99} = {6F8A9B0C-1D2E-4F5A-8B9C-2D3E4F5A6B7C}
		{2A3B4C5D-6E7F-8A9B-0C1D-2E3F4A5B6C7D} = {827E0CD3-B72D-47B6-A68D-7590B98EB39B}
		{3B4C5D6E-7F8A-9B0C-1D2E-3F4A5B6C7D8E} = {6F8A9B0C-1D2E-4F5A-8B9C-2D3E4F5A6B7C}
		{DDA6D2DB-6134-4AD9-8E87-80A18E43A451} = {827E0CD3-B72D-47B6-A68D-7590B98EB39B}
		{2A994583-4F26-4FCB-AD38-6EB3105DD331} = {6F8A9B0C-1D2E-4F5A-8B9C-2D3E4F5A6B7C}
		{7C42B6CE-50EF-4791-AC7A-1D75A3AFDDFF} = {B36A84DF-456D-A817-6EDD-3EC3E7F6E11F}
		{B8D70233-7D90-48AA-A9E6-D6A5806556D3} = {B36A84DF-456D-A817-6EDD-3EC3E7F6E11F}
		{D3BA893E-79FF-4BFB-A560-6DC9FFAEBFCD} = {827E0CD3-B72D-47B6-A68D-7590B98EB39B}
		{49856F2C-9EBA-4ACA-AFFA-9FE65901D31C} = {6F8A9B0C-1D2E-4F5A-8B9C-2D3E4F5A6B7C}
		{3E72A378-A5F7-4A0A-9885-E3A026485330} = {827E0CD3-B72D-47B6-A68D-7590B98EB39B}
		{67340FAF-671E-4D07-8A36-E7E9AB8BB9A7} = {6F8A9B0C-1D2E-4F5A-8B9C-2D3E4F5A6B7C}
		{039B4019-985F-4021-AF89-3CA8916123D6} = {827E0CD3-B72D-47B6-A68D-7590B98EB39B}
		{629D8782-6A7B-4F60-BBCB-EBA7CA4CD1DD} = {6F8A9B0C-1D2E-4F5A-8B9C-2D3E4F5A6B7C}
		{8337BCEA-9867-43DD-A86C-842B5125A4FC} = {827E0CD3-B72D-47B6-A68D-7590B98EB39B}
		{1017A813-4CE0-49D4-B6A4-3740D925A111} = {6F8A9B0C-1D2E-4F5A-8B9C-2D3E4F5A6B7C}
		{E1DA7807-2FD4-46EC-9C0C-301381B0D11C} = {827E0CD3-B72D-47B6-A68D-7590B98EB39B}
		{B0F38D2C-C2B3-4139-940B-A2E9CE7BFB87} = {6F8A9B0C-1D2E-4F5A-8B9C-2D3E4F5A6B7C}
		{DF5EB171-09AB-41CE-A4FA-8ABB38E859CD} = {827E0CD3-B72D-47B6-A68D-7590B98EB39B}
		{EF1C3158-75AF-4173-96D1-234FE595831C} = {6F8A9B0C-1D2E-4F5A-8B9C-2D3E4F5A6B7C}
		{A7D81410-579A-43B1-934E-77BEE869CB26} = {827E0CD3-B72D-47B6-A68D-7590B98EB39B}
		{6C5DD2B3-BF5A-4595-B655-4E00B8675C3C} = {6F8A9B0C-1D2E-4F5A-8B9C-2D3E4F5A6B7C}
		{B9E8F123-4C56-7A89-0123-456789ABCDEF} = {827E0CD3-B72D-47B6-A68D-7590B98EB39B}
		{A25ADDA2-91AC-4A01-93EA-BCE68E60F111} = {827E0CD3-B72D-47B6-A68D-7590B98EB39B}
		{B89318C9-2952-42E7-9FF1-446BA3D9EFB2} = {6F8A9B0C-1D2E-4F5A-8B9C-2D3E4F5A6B7C}
		{C1D2E3F4-5A6B-7C8D-9E0F-1A2B3C4D5E6F} = {827E0CD3-B72D-47B6-A68D-7590B98EB39B}
		{22F50200-C213-407F-9B80-BD1BAC744EBC} = {827E0CD3-B72D-47B6-A68D-7590B98EB39B}
		{2ECA3FF7-7729-4E37-93B8-F4AF75F48651} = {6F8A9B0C-1D2E-4F5A-8B9C-2D3E4F5A6B7C}
	EndGlobalSection
	GlobalSection(ExtensibilityGlobals) = postSolution
		SolutionGuid = {83CB65B8-011F-4ED7-BCD3-A6CFA935EF7E}
	EndGlobalSection
EndGlobal
