
Microsoft Visual Studio Solution File, Format Version 12.00
# Visual Studio Version 17
VisualStudioVersion = 17.0.31903.59
MinimumVisualStudioVersion = 10.0.40219.1
Project("{FAE04EC0-301F-11D3-BF4B-00C04F79EFBC}") = "TS4Tools.Interfaces", "src\TS4Tools.Interfaces\TS4Tools.Interfaces.csproj", "{A1B2C3D4-E5F6-7890-ABCD-EF1234567890}"
EndProject
Project("{FAE04EC0-301F-11D3-BF4B-00C04F79EFBC}") = "TS4Tools.Core", "src\TS4Tools.Core\TS4Tools.Core.csproj", "{B2C3D4E5-F678-9012-BCDE-F12345678901}"
EndProject
Project("{FAE04EC0-301F-11D3-BF4B-00C04F79EFBC}") = "TS4Tools.Core.Tests", "tests\TS4Tools.Core.Tests\TS4Tools.Core.Tests.csproj", "{C3D4E5F6-7890-1234-CDEF-123456789012}"
EndProject
Project("{2150E333-8FDC-42A3-9474-1A3956D46DE8}") = "src", "src", "{827E0CD3-B72D-47B6-A68D-7590B98EB39B}"
EndProject
Project("{2150E333-8FDC-42A3-9474-1A3956D46DE8}") = "tests", "tests", "{0AB3BF05-4346-4AA6-1389-037BE0695223}"
EndProject
Project("{FAE04EC0-301F-11D3-BF4B-00C04F79EFBC}") = "TS4Tools.Wrappers", "src\TS4Tools.Wrappers\TS4Tools.Wrappers.csproj", "{FF63D5C0-AF63-46E4-A3CB-D5B4DD183E23}"
EndProject
Project("{FAE04EC0-301F-11D3-BF4B-00C04F79EFBC}") = "TS4Tools.Wrappers.Tests", "tests\TS4Tools.Wrappers.Tests\TS4Tools.Wrappers.Tests.csproj", "{A41D497E-EB76-4D49-9F9C-D3A582BFADC5}"
EndProject
Global
	GlobalSection(SolutionConfigurationPlatforms) = preSolution
		Debug|Any CPU = Debug|Any CPU
		Debug|x64 = Debug|x64
		Debug|x86 = Debug|x86
		Release|Any CPU = Release|Any CPU
		Release|x64 = Release|x64
		Release|x86 = Release|x86
	EndGlobalSection
	GlobalSection(ProjectConfigurationPlatforms) = postSolution
		{A1B2C3D4-E5F6-7890-ABCD-EF1234567890}.Debug|Any CPU.ActiveCfg = Debug|Any CPU
		{A1B2C3D4-E5F6-7890-ABCD-EF1234567890}.Debug|Any CPU.Build.0 = Debug|Any CPU
		{A1B2C3D4-E5F6-7890-ABCD-EF1234567890}.Debug|x64.ActiveCfg = Debug|Any CPU
		{A1B2C3D4-E5F6-7890-ABCD-EF1234567890}.Debug|x64.Build.0 = Debug|Any CPU
		{A1B2C3D4-E5F6-7890-ABCD-EF1234567890}.Debug|x86.ActiveCfg = Debug|Any CPU
		{A1B2C3D4-E5F6-7890-ABCD-EF1234567890}.Debug|x86.Build.0 = Debug|Any CPU
		{A1B2C3D4-E5F6-7890-ABCD-EF1234567890}.Release|Any CPU.ActiveCfg = Release|Any CPU
		{A1B2C3D4-E5F6-7890-ABCD-EF1234567890}.Release|Any CPU.Build.0 = Release|Any CPU
		{A1B2C3D4-E5F6-7890-ABCD-EF1234567890}.Release|x64.ActiveCfg = Release|Any CPU
		{A1B2C3D4-E5F6-7890-ABCD-EF1234567890}.Release|x64.Build.0 = Release|Any CPU
		{A1B2C3D4-E5F6-7890-ABCD-EF1234567890}.Release|x86.ActiveCfg = Release|Any CPU
		{A1B2C3D4-E5F6-7890-ABCD-EF1234567890}.Release|x86.Build.0 = Release|Any CPU
		{B2C3D4E5-F678-9012-BCDE-F12345678901}.Debug|Any CPU.ActiveCfg = Debug|Any CPU
		{B2C3D4E5-F678-9012-BCDE-F12345678901}.Debug|Any CPU.Build.0 = Debug|Any CPU
		{B2C3D4E5-F678-9012-BCDE-F12345678901}.Debug|x64.ActiveCfg = Debug|Any CPU
		{B2C3D4E5-F678-9012-BCDE-F12345678901}.Debug|x64.Build.0 = Debug|Any CPU
		{B2C3D4E5-F678-9012-BCDE-F12345678901}.Debug|x86.ActiveCfg = Debug|Any CPU
		{B2C3D4E5-F678-9012-BCDE-F12345678901}.Debug|x86.Build.0 = Debug|Any CPU
		{B2C3D4E5-F678-9012-BCDE-F12345678901}.Release|Any CPU.ActiveCfg = Release|Any CPU
		{B2C3D4E5-F678-9012-BCDE-F12345678901}.Release|Any CPU.Build.0 = Release|Any CPU
		{B2C3D4E5-F678-9012-BCDE-F12345678901}.Release|x64.ActiveCfg = Release|Any CPU
		{B2C3D4E5-F678-9012-BCDE-F12345678901}.Release|x64.Build.0 = Release|Any CPU
		{B2C3D4E5-F678-9012-BCDE-F12345678901}.Release|x86.ActiveCfg = Release|Any CPU
		{B2C3D4E5-F678-9012-BCDE-F12345678901}.Release|x86.Build.0 = Release|Any CPU
		{C3D4E5F6-7890-1234-CDEF-123456789012}.Debug|Any CPU.ActiveCfg = Debug|Any CPU
		{C3D4E5F6-7890-1234-CDEF-123456789012}.Debug|Any CPU.Build.0 = Debug|Any CPU
		{C3D4E5F6-7890-1234-CDEF-123456789012}.Debug|x64.ActiveCfg = Debug|Any CPU
		{C3D4E5F6-7890-1234-CDEF-123456789012}.Debug|x64.Build.0 = Debug|Any CPU
		{C3D4E5F6-7890-1234-CDEF-123456789012}.Debug|x86.ActiveCfg = Debug|Any CPU
		{C3D4E5F6-7890-1234-CDEF-123456789012}.Debug|x86.Build.0 = Debug|Any CPU
		{C3D4E5F6-7890-1234-CDEF-123456789012}.Release|Any CPU.ActiveCfg = Release|Any CPU
		{C3D4E5F6-7890-1234-CDEF-123456789012}.Release|Any CPU.Build.0 = Release|Any CPU
		{C3D4E5F6-7890-1234-CDEF-123456789012}.Release|x64.ActiveCfg = Release|Any CPU
		{C3D4E5F6-7890-1234-CDEF-123456789012}.Release|x64.Build.0 = Release|Any CPU
		{C3D4E5F6-7890-1234-CDEF-123456789012}.Release|x86.ActiveCfg = Release|Any CPU
		{C3D4E5F6-7890-1234-CDEF-123456789012}.Release|x86.Build.0 = Release|Any CPU
		{FF63D5C0-AF63-46E4-A3CB-D5B4DD183E23}.Debug|Any CPU.ActiveCfg = Debug|Any CPU
		{FF63D5C0-AF63-46E4-A3CB-D5B4DD183E23}.Debug|Any CPU.Build.0 = Debug|Any CPU
		{FF63D5C0-AF63-46E4-A3CB-D5B4DD183E23}.Debug|x64.ActiveCfg = Debug|Any CPU
		{FF63D5C0-AF63-46E4-A3CB-D5B4DD183E23}.Debug|x64.Build.0 = Debug|Any CPU
		{FF63D5C0-AF63-46E4-A3CB-D5B4DD183E23}.Debug|x86.ActiveCfg = Debug|Any CPU
		{FF63D5C0-AF63-46E4-A3CB-D5B4DD183E23}.Debug|x86.Build.0 = Debug|Any CPU
		{FF63D5C0-AF63-46E4-A3CB-D5B4DD183E23}.Release|Any CPU.ActiveCfg = Release|Any CPU
		{FF63D5C0-AF63-46E4-A3CB-D5B4DD183E23}.Release|Any CPU.Build.0 = Release|Any CPU
		{FF63D5C0-AF63-46E4-A3CB-D5B4DD183E23}.Release|x64.ActiveCfg = Release|Any CPU
		{FF63D5C0-AF63-46E4-A3CB-D5B4DD183E23}.Release|x64.Build.0 = Release|Any CPU
		{FF63D5C0-AF63-46E4-A3CB-D5B4DD183E23}.Release|x86.ActiveCfg = Release|Any CPU
		{FF63D5C0-AF63-46E4-A3CB-D5B4DD183E23}.Release|x86.Build.0 = Release|Any CPU
		{A41D497E-EB76-4D49-9F9C-D3A582BFADC5}.Debug|Any CPU.ActiveCfg = Debug|Any CPU
		{A41D497E-EB76-4D49-9F9C-D3A582BFADC5}.Debug|Any CPU.Build.0 = Debug|Any CPU
		{A41D497E-EB76-4D49-9F9C-D3A582BFADC5}.Debug|x64.ActiveCfg = Debug|Any CPU
		{A41D497E-EB76-4D49-9F9C-D3A582BFADC5}.Debug|x64.Build.0 = Debug|Any CPU
		{A41D497E-EB76-4D49-9F9C-D3A582BFADC5}.Debug|x86.ActiveCfg = Debug|Any CPU
		{A41D497E-EB76-4D49-9F9C-D3A582BFADC5}.Debug|x86.Build.0 = Debug|Any CPU
		{A41D497E-EB76-4D49-9F9C-D3A582BFADC5}.Release|Any CPU.ActiveCfg = Release|Any CPU
		{A41D497E-EB76-4D49-9F9C-D3A582BFADC5}.Release|Any CPU.Build.0 = Release|Any CPU
		{A41D497E-EB76-4D49-9F9C-D3A582BFADC5}.Release|x64.ActiveCfg = Release|Any CPU
		{A41D497E-EB76-4D49-9F9C-D3A582BFADC5}.Release|x64.Build.0 = Release|Any CPU
		{A41D497E-EB76-4D49-9F9C-D3A582BFADC5}.Release|x86.ActiveCfg = Release|Any CPU
		{A41D497E-EB76-4D49-9F9C-D3A582BFADC5}.Release|x86.Build.0 = Release|Any CPU
	EndGlobalSection
	GlobalSection(SolutionProperties) = preSolution
		HideSolutionNode = FALSE
	EndGlobalSection
	GlobalSection(NestedProjects) = preSolution
		{FF63D5C0-AF63-46E4-A3CB-D5B4DD183E23} = {827E0CD3-B72D-47B6-A68D-7590B98EB39B}
		{A41D497E-EB76-4D49-9F9C-D3A582BFADC5} = {0AB3BF05-4346-4AA6-1389-037BE0695223}
	EndGlobalSection
EndGlobal
